// !$*UTF8*$!
{
	archiveVersion = 1;
	classes = {
	};
	objectVersion = 50;
	objects = {

/* Begin PBXBuildFile section */
		7B1CB76D22AD306A0056DCE2 /* ZTOCView.m in Sources */ = {isa = PBXBuildFile; fileRef = 7B1CB76C22AD306A0056DCE2 /* ZTOCView.m */; };
		7B3CA0F022A80A7B0084B999 /* AppDelegate.m in Sources */ = {isa = PBXBuildFile; fileRef = 7B3CA0EF22A80A7B0084B999 /* AppDelegate.m */; };
		7B3CA0F322A80A7B0084B999 /* ViewController.m in Sources */ = {isa = PBXBuildFile; fileRef = 7B3CA0F222A80A7B0084B999 /* ViewController.m */; };
		7B3CA0F622A80A7B0084B999 /* Main.storyboard in Resources */ = {isa = PBXBuildFile; fileRef = 7B3CA0F422A80A7B0084B999 /* Main.storyboard */; };
		7B3CA0F822A80A7C0084B999 /* Assets.xcassets in Resources */ = {isa = PBXBuildFile; fileRef = 7B3CA0F722A80A7C0084B999 /* Assets.xcassets */; };
		7B3CA0FB22A80A7C0084B999 /* LaunchScreen.storyboard in Resources */ = {isa = PBXBuildFile; fileRef = 7B3CA0F922A80A7C0084B999 /* LaunchScreen.storyboard */; };
		7B3CA0FE22A80A7C0084B999 /* main.m in Sources */ = {isa = PBXBuildFile; fileRef = 7B3CA0FD22A80A7C0084B999 /* main.m */; };
		7B3CA10822A80A7C0084B999 /* OCAndSwiftTests.m in Sources */ = {isa = PBXBuildFile; fileRef = 7B3CA10722A80A7C0084B999 /* OCAndSwiftTests.m */; };
		7B3CA11322A80A7C0084B999 /* OCAndSwiftUITests.m in Sources */ = {isa = PBXBuildFile; fileRef = 7B3CA11222A80A7C0084B999 /* OCAndSwiftUITests.m */; };
		7B3CA12222A80D980084B999 /* ZTSwiftView.swift in Sources */ = {isa = PBXBuildFile; fileRef = 7B3CA12122A80D980084B999 /* ZTSwiftView.swift */; };
/* End PBXBuildFile section */

/* Begin PBXContainerItemProxy section */
		7B3CA10422A80A7C0084B999 /* PBXContainerItemProxy */ = {
			isa = PBXContainerItemProxy;
			containerPortal = 7B3CA0E322A80A7B0084B999 /* Project object */;
			proxyType = 1;
			remoteGlobalIDString = 7B3CA0EA22A80A7B0084B999;
			remoteInfo = OCAndSwift;
		};
		7B3CA10F22A80A7C0084B999 /* PBXContainerItemProxy */ = {
			isa = PBXContainerItemProxy;
			containerPortal = 7B3CA0E322A80A7B0084B999 /* Project object */;
			proxyType = 1;
			remoteGlobalIDString = 7B3CA0EA22A80A7B0084B999;
			remoteInfo = OCAndSwift;
		};
/* End PBXContainerItemProxy section */

/* Begin PBXFileReference section */
		7B1CB76B22AD306A0056DCE2 /* ZTOCView.h */ = {isa = PBXFileReference; lastKnownFileType = sourcecode.c.h; path = ZTOCView.h; sourceTree = "<group>"; };
		7B1CB76C22AD306A0056DCE2 /* ZTOCView.m */ = {isa = PBXFileReference; lastKnownFileType = sourcecode.c.objc; path = ZTOCView.m; sourceTree = "<group>"; };
		7B3CA0EB22A80A7B0084B999 /* OCAndSwift.app */ = {isa = PBXFileReference; explicitFileType = wrapper.application; includeInIndex = 0; path = OCAndSwift.app; sourceTree = BUILT_PRODUCTS_DIR; };
		7B3CA0EE22A80A7B0084B999 /* AppDelegate.h */ = {isa = PBXFileReference; lastKnownFileType = sourcecode.c.h; path = AppDelegate.h; sourceTree = "<group>"; };
		7B3CA0EF22A80A7B0084B999 /* AppDelegate.m */ = {isa = PBXFileReference; lastKnownFileType = sourcecode.c.objc; path = AppDelegate.m; sourceTree = "<group>"; };
		7B3CA0F122A80A7B0084B999 /* ViewController.h */ = {isa = PBXFileReference; lastKnownFileType = sourcecode.c.h; path = ViewController.h; sourceTree = "<group>"; };
		7B3CA0F222A80A7B0084B999 /* ViewController.m */ = {isa = PBXFileReference; lastKnownFileType = sourcecode.c.objc; path = ViewController.m; sourceTree = "<group>"; };
		7B3CA0F522A80A7B0084B999 /* Base */ = {isa = PBXFileReference; lastKnownFileType = file.storyboard; name = Base; path = Base.lproj/Main.storyboard; sourceTree = "<group>"; };
		7B3CA0F722A80A7C0084B999 /* Assets.xcassets */ = {isa = PBXFileReference; lastKnownFileType = folder.assetcatalog; path = Assets.xcassets; sourceTree = "<group>"; };
		7B3CA0FA22A80A7C0084B999 /* Base */ = {isa = PBXFileReference; lastKnownFileType = file.storyboard; name = Base; path = Base.lproj/LaunchScreen.storyboard; sourceTree = "<group>"; };
		7B3CA0FC22A80A7C0084B999 /* Info.plist */ = {isa = PBXFileReference; lastKnownFileType = text.plist.xml; path = Info.plist; sourceTree = "<group>"; };
		7B3CA0FD22A80A7C0084B999 /* main.m */ = {isa = PBXFileReference; lastKnownFileType = sourcecode.c.objc; path = main.m; sourceTree = "<group>"; };
		7B3CA10322A80A7C0084B999 /* OCAndSwiftTests.xctest */ = {isa = PBXFileReference; explicitFileType = wrapper.cfbundle; includeInIndex = 0; path = OCAndSwiftTests.xctest; sourceTree = BUILT_PRODUCTS_DIR; };
		7B3CA10722A80A7C0084B999 /* OCAndSwiftTests.m */ = {isa = PBXFileReference; lastKnownFileType = sourcecode.c.objc; path = OCAndSwiftTests.m; sourceTree = "<group>"; };
		7B3CA10922A80A7C0084B999 /* Info.plist */ = {isa = PBXFileReference; lastKnownFileType = text.plist.xml; path = Info.plist; sourceTree = "<group>"; };
		7B3CA10E22A80A7C0084B999 /* OCAndSwiftUITests.xctest */ = {isa = PBXFileReference; explicitFileType = wrapper.cfbundle; includeInIndex = 0; path = OCAndSwiftUITests.xctest; sourceTree = BUILT_PRODUCTS_DIR; };
		7B3CA11222A80A7C0084B999 /* OCAndSwiftUITests.m */ = {isa = PBXFileReference; lastKnownFileType = sourcecode.c.objc; path = OCAndSwiftUITests.m; sourceTree = "<group>"; };
		7B3CA11422A80A7C0084B999 /* Info.plist */ = {isa = PBXFileReference; lastKnownFileType = text.plist.xml; path = Info.plist; sourceTree = "<group>"; };
		7B3CA12022A80D980084B999 /* OCAndSwift-Bridging-Header.h */ = {isa = PBXFileReference; lastKnownFileType = sourcecode.c.h; path = "OCAndSwift-Bridging-Header.h"; sourceTree = "<group>"; };
		7B3CA12122A80D980084B999 /* ZTSwiftView.swift */ = {isa = PBXFileReference; lastKnownFileType = sourcecode.swift; path = ZTSwiftView.swift; sourceTree = "<group>"; };
/* End PBXFileReference section */

/* Begin PBXFrameworksBuildPhase section */
		7B3CA0E822A80A7B0084B999 /* Frameworks */ = {
			isa = PBXFrameworksBuildPhase;
			buildActionMask = 2147483647;
			files = (
			);
			runOnlyForDeploymentPostprocessing = 0;
		};
		7B3CA10022A80A7C0084B999 /* Frameworks */ = {
			isa = PBXFrameworksBuildPhase;
			buildActionMask = 2147483647;
			files = (
			);
			runOnlyForDeploymentPostprocessing = 0;
		};
		7B3CA10B22A80A7C0084B999 /* Frameworks */ = {
			isa = PBXFrameworksBuildPhase;
			buildActionMask = 2147483647;
			files = (
			);
			runOnlyForDeploymentPostprocessing = 0;
		};
/* End PBXFrameworksBuildPhase section */

/* Begin PBXGroup section */
		7B3CA0E222A80A7B0084B999 = {
			isa = PBXGroup;
			children = (
				7B3CA0ED22A80A7B0084B999 /* OCAndSwift */,
				7B3CA10622A80A7C0084B999 /* OCAndSwiftTests */,
				7B3CA11122A80A7C0084B999 /* OCAndSwiftUITests */,
				7B3CA0EC22A80A7B0084B999 /* Products */,
			);
			sourceTree = "<group>";
		};
		7B3CA0EC22A80A7B0084B999 /* Products */ = {
			isa = PBXGroup;
			children = (
				7B3CA0EB22A80A7B0084B999 /* OCAndSwift.app */,
				7B3CA10322A80A7C0084B999 /* OCAndSwiftTests.xctest */,
				7B3CA10E22A80A7C0084B999 /* OCAndSwiftUITests.xctest */,
			);
			name = Products;
			sourceTree = "<group>";
		};
		7B3CA0ED22A80A7B0084B999 /* OCAndSwift */ = {
			isa = PBXGroup;
			children = (
				7B3CA0EE22A80A7B0084B999 /* AppDelegate.h */,
				7B3CA0EF22A80A7B0084B999 /* AppDelegate.m */,
				7B3CA0F122A80A7B0084B999 /* ViewController.h */,
				7B3CA0F222A80A7B0084B999 /* ViewController.m */,
				7B3CA12122A80D980084B999 /* ZTSwiftView.swift */,
				7B1CB76B22AD306A0056DCE2 /* ZTOCView.h */,
				7B1CB76C22AD306A0056DCE2 /* ZTOCView.m */,
				7B3CA0F422A80A7B0084B999 /* Main.storyboard */,
				7B3CA0F722A80A7C0084B999 /* Assets.xcassets */,
				7B3CA0F922A80A7C0084B999 /* LaunchScreen.storyboard */,
				7B3CA0FC22A80A7C0084B999 /* Info.plist */,
				7B3CA0FD22A80A7C0084B999 /* main.m */,
				7B3CA12022A80D980084B999 /* OCAndSwift-Bridging-Header.h */,
			);
			path = OCAndSwift;
			sourceTree = "<group>";
		};
		7B3CA10622A80A7C0084B999 /* OCAndSwiftTests */ = {
			isa = PBXGroup;
			children = (
				7B3CA10722A80A7C0084B999 /* OCAndSwiftTests.m */,
				7B3CA10922A80A7C0084B999 /* Info.plist */,
			);
			path = OCAndSwiftTests;
			sourceTree = "<group>";
		};
		7B3CA11122A80A7C0084B999 /* OCAndSwiftUITests */ = {
			isa = PBXGroup;
			children = (
				7B3CA11222A80A7C0084B999 /* OCAndSwiftUITests.m */,
				7B3CA11422A80A7C0084B999 /* Info.plist */,
			);
			path = OCAndSwiftUITests;
			sourceTree = "<group>";
		};
/* End PBXGroup section */

/* Begin PBXNativeTarget section */
		7B3CA0EA22A80A7B0084B999 /* OCAndSwift */ = {
			isa = PBXNativeTarget;
			buildConfigurationList = 7B3CA11722A80A7C0084B999 /* Build configuration list for PBXNativeTarget "OCAndSwift" */;
			buildPhases = (
				7B3CA0E722A80A7B0084B999 /* Sources */,
				7B3CA0E822A80A7B0084B999 /* Frameworks */,
				7B3CA0E922A80A7B0084B999 /* Resources */,
			);
			buildRules = (
			);
			dependencies = (
			);
			name = OCAndSwift;
			productName = OCAndSwift;
			productReference = 7B3CA0EB22A80A7B0084B999 /* OCAndSwift.app */;
			productType = "com.apple.product-type.application";
		};
		7B3CA10222A80A7C0084B999 /* OCAndSwiftTests */ = {
			isa = PBXNativeTarget;
			buildConfigurationList = 7B3CA11A22A80A7C0084B999 /* Build configuration list for PBXNativeTarget "OCAndSwiftTests" */;
			buildPhases = (
				7B3CA0FF22A80A7C0084B999 /* Sources */,
				7B3CA10022A80A7C0084B999 /* Frameworks */,
				7B3CA10122A80A7C0084B999 /* Resources */,
			);
			buildRules = (
			);
			dependencies = (
				7B3CA10522A80A7C0084B999 /* PBXTargetDependency */,
			);
			name = OCAndSwiftTests;
			productName = OCAndSwiftTests;
			productReference = 7B3CA10322A80A7C0084B999 /* OCAndSwiftTests.xctest */;
			productType = "com.apple.product-type.bundle.unit-test";
		};
		7B3CA10D22A80A7C0084B999 /* OCAndSwiftUITests */ = {
			isa = PBXNativeTarget;
			buildConfigurationList = 7B3CA11D22A80A7C0084B999 /* Build configuration list for PBXNativeTarget "OCAndSwiftUITests" */;
			buildPhases = (
				7B3CA10A22A80A7C0084B999 /* Sources */,
				7B3CA10B22A80A7C0084B999 /* Frameworks */,
				7B3CA10C22A80A7C0084B999 /* Resources */,
			);
			buildRules = (
			);
			dependencies = (
				7B3CA11022A80A7C0084B999 /* PBXTargetDependency */,
			);
			name = OCAndSwiftUITests;
			productName = OCAndSwiftUITests;
			productReference = 7B3CA10E22A80A7C0084B999 /* OCAndSwiftUITests.xctest */;
			productType = "com.apple.product-type.bundle.ui-testing";
		};
/* End PBXNativeTarget section */

/* Begin PBXProject section */
		7B3CA0E322A80A7B0084B999 /* Project object */ = {
			isa = PBXProject;
			attributes = {
				CLASSPREFIX = ZT;
				LastUpgradeCheck = 1020;
				ORGANIZATIONNAME = zt;
				TargetAttributes = {
					7B3CA0EA22A80A7B0084B999 = {
						CreatedOnToolsVersion = 10.2.1;
						LastSwiftMigration = 1020;
					};
					7B3CA10222A80A7C0084B999 = {
						CreatedOnToolsVersion = 10.2.1;
						TestTargetID = 7B3CA0EA22A80A7B0084B999;
					};
					7B3CA10D22A80A7C0084B999 = {
						CreatedOnToolsVersion = 10.2.1;
						TestTargetID = 7B3CA0EA22A80A7B0084B999;
					};
				};
			};
			buildConfigurationList = 7B3CA0E622A80A7B0084B999 /* Build configuration list for PBXProject "OCAndSwift" */;
			compatibilityVersion = "Xcode 9.3";
			developmentRegion = en;
			hasScannedForEncodings = 0;
			knownRegions = (
				en,
				Base,
			);
			mainGroup = 7B3CA0E222A80A7B0084B999;
			productRefGroup = 7B3CA0EC22A80A7B0084B999 /* Products */;
			projectDirPath = "";
			projectRoot = "";
			targets = (
				7B3CA0EA22A80A7B0084B999 /* OCAndSwift */,
				7B3CA10222A80A7C0084B999 /* OCAndSwiftTests */,
				7B3CA10D22A80A7C0084B999 /* OCAndSwiftUITests */,
			);
		};
/* End PBXProject section */

/* Begin PBXResourcesBuildPhase section */
		7B3CA0E922A80A7B0084B999 /* Resources */ = {
			isa = PBXResourcesBuildPhase;
			buildActionMask = 2147483647;
			files = (
				7B3CA0FB22A80A7C0084B999 /* LaunchScreen.storyboard in Resources */,
				7B3CA0F822A80A7C0084B999 /* Assets.xcassets in Resources */,
				7B3CA0F622A80A7B0084B999 /* Main.storyboard in Resources */,
			);
			runOnlyForDeploymentPostprocessing = 0;
		};
		7B3CA10122A80A7C0084B999 /* Resources */ = {
			isa = PBXResourcesBuildPhase;
			buildActionMask = 2147483647;
			files = (
			);
			runOnlyForDeploymentPostprocessing = 0;
		};
		7B3CA10C22A80A7C0084B999 /* Resources */ = {
			isa = PBXResourcesBuildPhase;
			buildActionMask = 2147483647;
			files = (
			);
			runOnlyForDeploymentPostprocessing = 0;
		};
/* End PBXResourcesBuildPhase section */

/* Begin PBXSourcesBuildPhase section */
		7B3CA0E722A80A7B0084B999 /* Sources */ = {
			isa = PBXSourcesBuildPhase;
			buildActionMask = 2147483647;
			files = (
				7B3CA0F322A80A7B0084B999 /* ViewController.m in Sources */,
				7B1CB76D22AD306A0056DCE2 /* ZTOCView.m in Sources */,
				7B3CA0FE22A80A7C0084B999 /* main.m in Sources */,
				7B3CA12222A80D980084B999 /* ZTSwiftView.swift in Sources */,
				7B3CA0F022A80A7B0084B999 /* AppDelegate.m in Sources */,
			);
			runOnlyForDeploymentPostprocessing = 0;
		};
		7B3CA0FF22A80A7C0084B999 /* Sources */ = {
			isa = PBXSourcesBuildPhase;
			buildActionMask = 2147483647;
			files = (
				7B3CA10822A80A7C0084B999 /* OCAndSwiftTests.m in Sources */,
			);
			runOnlyForDeploymentPostprocessing = 0;
		};
		7B3CA10A22A80A7C0084B999 /* Sources */ = {
			isa = PBXSourcesBuildPhase;
			buildActionMask = 2147483647;
			files = (
				7B3CA11322A80A7C0084B999 /* OCAndSwiftUITests.m in Sources */,
			);
			runOnlyForDeploymentPostprocessing = 0;
		};
/* End PBXSourcesBuildPhase section */

/* Begin PBXTargetDependency section */
		7B3CA10522A80A7C0084B999 /* PBXTargetDependency */ = {
			isa = PBXTargetDependency;
			target = 7B3CA0EA22A80A7B0084B999 /* OCAndSwift */;
			targetProxy = 7B3CA10422A80A7C0084B999 /* PBXContainerItemProxy */;
		};
		7B3CA11022A80A7C0084B999 /* PBXTargetDependency */ = {
			isa = PBXTargetDependency;
			target = 7B3CA0EA22A80A7B0084B999 /* OCAndSwift */;
			targetProxy = 7B3CA10F22A80A7C0084B999 /* PBXContainerItemProxy */;
		};
/* End PBXTargetDependency section */

/* Begin PBXVariantGroup section */
		7B3CA0F422A80A7B0084B999 /* Main.storyboard */ = {
			isa = PBXVariantGroup;
			children = (
				7B3CA0F522A80A7B0084B999 /* Base */,
			);
			name = Main.storyboard;
			sourceTree = "<group>";
		};
		7B3CA0F922A80A7C0084B999 /* LaunchScreen.storyboard */ = {
			isa = PBXVariantGroup;
			children = (
				7B3CA0FA22A80A7C0084B999 /* Base */,
			);
			name = LaunchScreen.storyboard;
			sourceTree = "<group>";
		};
/* End PBXVariantGroup section */

/* Begin XCBuildConfiguration section */
		7B3CA11522A80A7C0084B999 /* Debug */ = {
			isa = XCBuildConfiguration;
			buildSettings = {
				ALWAYS_SEARCH_USER_PATHS = NO;
				CLANG_ANALYZER_NONNULL = YES;
				CLANG_ANALYZER_NUMBER_OBJECT_CONVERSION = YES_AGGRESSIVE;
				CLANG_CXX_LANGUAGE_STANDARD = "gnu++14";
				CLANG_CXX_LIBRARY = "libc++";
				CLANG_ENABLE_MODULES = YES;
				CLANG_ENABLE_OBJC_ARC = YES;
				CLANG_ENABLE_OBJC_WEAK = YES;
				CLANG_WARN_BLOCK_CAPTURE_AUTORELEASING = YES;
				CLANG_WARN_BOOL_CONVERSION = YES;
				CLANG_WARN_COMMA = YES;
				CLANG_WARN_CONSTANT_CONVERSION = YES;
				CLANG_WARN_DEPRECATED_OBJC_IMPLEMENTATIONS = YES;
				CLANG_WARN_DIRECT_OBJC_ISA_USAGE = YES_ERROR;
				CLANG_WARN_DOCUMENTATION_COMMENTS = YES;
				CLANG_WARN_EMPTY_BODY = YES;
				CLANG_WARN_ENUM_CONVERSION = YES;
				CLANG_WARN_INFINITE_RECURSION = YES;
				CLANG_WARN_INT_CONVERSION = YES;
				CLANG_WARN_NON_LITERAL_NULL_CONVERSION = YES;
				CLANG_WARN_OBJC_IMPLICIT_RETAIN_SELF = YES;
				CLANG_WARN_OBJC_LITERAL_CONVERSION = YES;
				CLANG_WARN_OBJC_ROOT_CLASS = YES_ERROR;
				CLANG_WARN_RANGE_LOOP_ANALYSIS = YES;
				CLANG_WARN_STRICT_PROTOTYPES = YES;
				CLANG_WARN_SUSPICIOUS_MOVE = YES;
				CLANG_WARN_UNGUARDED_AVAILABILITY = YES_AGGRESSIVE;
				CLANG_WARN_UNREACHABLE_CODE = YES;
				CLANG_WARN__DUPLICATE_METHOD_MATCH = YES;
				CODE_SIGN_IDENTITY = "iPhone Developer";
				COPY_PHASE_STRIP = NO;
				DEBUG_INFORMATION_FORMAT = dwarf;
				ENABLE_STRICT_OBJC_MSGSEND = YES;
				ENABLE_TESTABILITY = YES;
				GCC_C_LANGUAGE_STANDARD = gnu11;
				GCC_DYNAMIC_NO_PIC = NO;
				GCC_NO_COMMON_BLOCKS = YES;
				GCC_OPTIMIZATION_LEVEL = 0;
				GCC_PREPROCESSOR_DEFINITIONS = (
					"DEBUG=1",
					"$(inherited)",
				);
				GCC_WARN_64_TO_32_BIT_CONVERSION = YES;
				GCC_WARN_ABOUT_RETURN_TYPE = YES_ERROR;
				GCC_WARN_UNDECLARED_SELECTOR = YES;
				GCC_WARN_UNINITIALIZED_AUTOS = YES_AGGRESSIVE;
				GCC_WARN_UNUSED_FUNCTION = YES;
				GCC_WARN_UNUSED_VARIABLE = YES;
				IPHONEOS_DEPLOYMENT_TARGET = 12.2;
				MTL_ENABLE_DEBUG_INFO = INCLUDE_SOURCE;
				MTL_FAST_MATH = YES;
				ONLY_ACTIVE_ARCH = YES;
				SDKROOT = iphoneos;
			};
			name = Debug;
		};
		7B3CA11622A80A7C0084B999 /* Release */ = {
			isa = XCBuildConfiguration;
			buildSettings = {
				ALWAYS_SEARCH_USER_PATHS = NO;
				CLANG_ANALYZER_NONNULL = YES;
				CLANG_ANALYZER_NUMBER_OBJECT_CONVERSION = YES_AGGRESSIVE;
				CLANG_CXX_LANGUAGE_STANDARD = "gnu++14";
				CLANG_CXX_LIBRARY = "libc++";
				CLANG_ENABLE_MODULES = YES;
				CLANG_ENABLE_OBJC_ARC = YES;
				CLANG_ENABLE_OBJC_WEAK = YES;
				CLANG_WARN_BLOCK_CAPTURE_AUTORELEASING = YES;
				CLANG_WARN_BOOL_CONVERSION = YES;
				CLANG_WARN_COMMA = YES;
				CLANG_WARN_CONSTANT_CONVERSION = YES;
				CLANG_WARN_DEPRECATED_OBJC_IMPLEMENTATIONS = YES;
				CLANG_WARN_DIRECT_OBJC_ISA_USAGE = YES_ERROR;
				CLANG_WARN_DOCUMENTATION_COMMENTS = YES;
				CLANG_WARN_EMPTY_BODY = YES;
				CLANG_WARN_ENUM_CONVERSION = YES;
				CLANG_WARN_INFINITE_RECURSION = YES;
				CLANG_WARN_INT_CONVERSION = YES;
				CLANG_WARN_NON_LITERAL_NULL_CONVERSION = YES;
				CLANG_WARN_OBJC_IMPLICIT_RETAIN_SELF = YES;
				CLANG_WARN_OBJC_LITERAL_CONVERSION = YES;
				CLANG_WARN_OBJC_ROOT_CLASS = YES_ERROR;
				CLANG_WARN_RANGE_LOOP_ANALYSIS = YES;
				CLANG_WARN_STRICT_PROTOTYPES = YES;
				CLANG_WARN_SUSPICIOUS_MOVE = YES;
				CLANG_WARN_UNGUARDED_AVAILABILITY = YES_AGGRESSIVE;
				CLANG_WARN_UNREACHABLE_CODE = YES;
				CLANG_WARN__DUPLICATE_METHOD_MATCH = YES;
				CODE_SIGN_IDENTITY = "iPhone Developer";
				COPY_PHASE_STRIP = NO;
				DEBUG_INFORMATION_FORMAT = "dwarf-with-dsym";
				ENABLE_NS_ASSERTIONS = NO;
				ENABLE_STRICT_OBJC_MSGSEND = YES;
				GCC_C_LANGUAGE_STANDARD = gnu11;
				GCC_NO_COMMON_BLOCKS = YES;
				GCC_WARN_64_TO_32_BIT_CONVERSION = YES;
				GCC_WARN_ABOUT_RETURN_TYPE = YES_ERROR;
				GCC_WARN_UNDECLARED_SELECTOR = YES;
				GCC_WARN_UNINITIALIZED_AUTOS = YES_AGGRESSIVE;
				GCC_WARN_UNUSED_FUNCTION = YES;
				GCC_WARN_UNUSED_VARIABLE = YES;
				IPHONEOS_DEPLOYMENT_TARGET = 12.2;
				MTL_ENABLE_DEBUG_INFO = NO;
				MTL_FAST_MATH = YES;
				SDKROOT = iphoneos;
				VALIDATE_PRODUCT = YES;
			};
			name = Release;
		};
		7B3CA11822A80A7C0084B999 /* Debug */ = {
			isa = XCBuildConfiguration;
			buildSettings = {
				ASSETCATALOG_COMPILER_APPICON_NAME = AppIcon;
				CLANG_ENABLE_MODULES = YES;
				CODE_SIGN_STYLE = Automatic;
				DEVELOPMENT_TEAM = JESGP9ZHX2;
				INFOPLIST_FILE = OCAndSwift/Info.plist;
				LD_RUNPATH_SEARCH_PATHS = (
					"$(inherited)",
					"@executable_path/Frameworks",
				);
				PRODUCT_BUNDLE_IDENTIFIER = zt.OCAndSwift;
				PRODUCT_NAME = "$(TARGET_NAME)";
				SWIFT_OBJC_BRIDGING_HEADER = "OCAndSwift/OCAndSwift-Bridging-Header.h";
				SWIFT_OPTIMIZATION_LEVEL = "-Onone";
				SWIFT_VERSION = 5.0;
				TARGETED_DEVICE_FAMILY = "1,2";
			};
			name = Debug;
		};
		7B3CA11922A80A7C0084B999 /* Release */ = {
			isa = XCBuildConfiguration;
			buildSettings = {
				ASSETCATALOG_COMPILER_APPICON_NAME = AppIcon;
				CLANG_ENABLE_MODULES = YES;
				CODE_SIGN_STYLE = Automatic;
				DEVELOPMENT_TEAM = JESGP9ZHX2;
				INFOPLIST_FILE = OCAndSwift/Info.plist;
				LD_RUNPATH_SEARCH_PATHS = (
					"$(inherited)",
					"@executable_path/Frameworks",
				);
				PRODUCT_BUNDLE_IDENTIFIER = zt.OCAndSwift;
				PRODUCT_NAME = "$(TARGET_NAME)";
				SWIFT_OBJC_BRIDGING_HEADER = "OCAndSwift/OCAndSwift-Bridging-Header.h";
				SWIFT_VERSION = 5.0;
				TARGETED_DEVICE_FAMILY = "1,2";
			};
			name = Release;
		};
		7B3CA11B22A80A7C0084B999 /* Debug */ = {
			isa = XCBuildConfiguration;
			buildSettings = {
				ALWAYS_EMBED_SWIFT_STANDARD_LIBRARIES = YES;
				BUNDLE_LOADER = "$(TEST_HOST)";
				CODE_SIGN_STYLE = Automatic;
				DEVELOPMENT_TEAM = JESGP9ZHX2;
				INFOPLIST_FILE = OCAndSwiftTests/Info.plist;
				LD_RUNPATH_SEARCH_PATHS = (
					"$(inherited)",
					"@executable_path/Frameworks",
					"@loader_path/Frameworks",
				);
				PRODUCT_BUNDLE_IDENTIFIER = zt.OCAndSwiftTests;
				PRODUCT_NAME = "$(TARGET_NAME)";
				TARGETED_DEVICE_FAMILY = "1,2";
				TEST_HOST = "$(BUILT_PRODUCTS_DIR)/OCAndSwift.app/OCAndSwift";
			};
			name = Debug;
		};
		7B3CA11C22A80A7C0084B999 /* Release */ = {
			isa = XCBuildConfiguration;
			buildSettings = {
				ALWAYS_EMBED_SWIFT_STANDARD_LIBRARIES = YES;
				BUNDLE_LOADER = "$(TEST_HOST)";
				CODE_SIGN_STYLE = Automatic;
				DEVELOPMENT_TEAM = JESGP9ZHX2;
				INFOPLIST_FILE = OCAndSwiftTests/Info.plist;
				LD_RUNPATH_SEARCH_PATHS = (
					"$(inherited)",
					"@executable_path/Frameworks",
					"@loader_path/Frameworks",
				);
				PRODUCT_BUNDLE_IDENTIFIER = zt.OCAndSwiftTests;
				PRODUCT_NAME = "$(TARGET_NAME)";
				TARGETED_DEVICE_FAMILY = "1,2";
				TEST_HOST = "$(BUILT_PRODUCTS_DIR)/OCAndSwift.app/OCAndSwift";
			};
			name = Release;
		};
		7B3CA11E22A80A7C0084B999 /* Debug */ = {
			isa = XCBuildConfiguration;
			buildSettings = {
				ALWAYS_EMBED_SWIFT_STANDARD_LIBRARIES = YES;
				CODE_SIGN_STYLE = Automatic;
				DEVELOPMENT_TEAM = JESGP9ZHX2;
				INFOPLIST_FILE = OCAndSwiftUITests/Info.plist;
				LD_RUNPATH_SEARCH_PATHS = (
					"$(inherited)",
					"@executable_path/Frameworks",
					"@loader_path/Frameworks",
				);
				PRODUCT_BUNDLE_IDENTIFIER = zt.OCAndSwiftUITests;
				PRODUCT_NAME = "$(TARGET_NAME)";
				TARGETED_DEVICE_FAMILY = "1,2";
				TEST_TARGET_NAME = OCAndSwift;
			};
			name = Debug;
		};
		7B3CA11F22A80A7C0084B999 /* Release */ = {
			isa = XCBuildConfiguration;
			buildSettings = {
				ALWAYS_EMBED_SWIFT_STANDARD_LIBRARIES = YES;
				CODE_SIGN_STYLE = Automatic;
				DEVELOPMENT_TEAM = JESGP9ZHX2;
				INFOPLIST_FILE = OCAndSwiftUITests/Info.plist;
				LD_RUNPATH_SEARCH_PATHS = (
					"$(inherited)",
					"@executable_path/Frameworks",
					"@loader_path/Frameworks",
				);
				PRODUCT_BUNDLE_IDENTIFIER = zt.OCAndSwiftUITests;
				PRODUCT_NAME = "$(TARGET_NAME)";
				TARGETED_DEVICE_FAMILY = "1,2";
				TEST_TARGET_NAME = OCAndSwift;
			};
			name = Release;
		};
/* End XCBuildConfiguration section */

/* Begin XCConfigurationList section */
		7B3CA0E622A80A7B0084B999 /* Build configuration list for PBXProject "OCAndSwift" */ = {
			isa = XCConfigurationList;
			buildConfigurations = (
				7B3CA11522A80A7C0084B999 /* Debug */,
				7B3CA11622A80A7C0084B999 /* Release */,
			);
			defaultConfigurationIsVisible = 0;
			defaultConfigurationName = Release;
		};
		7B3CA11722A80A7C0084B999 /* Build configuration list for PBXNativeTarget "OCAndSwift" */ = {
			isa = XCConfigurationList;
			buildConfigurations = (
				7B3CA11822A80A7C0084B999 /* Debug */,
				7B3CA11922A80A7C0084B999 /* Release */,
			);
			defaultConfigurationIsVisible = 0;
			defaultConfigurationName = Release;
		};
		7B3CA11A22A80A7C0084B999 /* Build configuration list for PBXNativeTarget "OCAndSwiftTests" */ = {
			isa = XCConfigurationList;
			buildConfigurations = (
				7B3CA11B22A80A7C0084B999 /* Debug */,
				7B3CA11C22A80A7C0084B999 /* Release */,
			);
			defaultConfigurationIsVisible = 0;
			defaultConfigurationName = Release;
		};
		7B3CA11D22A80A7C0084B999 /* Build configuration list for PBXNativeTarget "OCAndSwiftUITests" */ = {
			isa = XCConfigurationList;
			buildConfigurations = (
				7B3CA11E22A80A7C0084B999 /* Debug */,
				7B3CA11F22A80A7C0084B999 /* Release */,
			);
			defaultConfigurationIsVisible = 0;
			defaultConfigurationName = Release;
		};
/* End XCConfigurationList section */
	};
	rootObject = 7B3CA0E322A80A7B0084B999 /* Project object */;
}
